// !$*UTF8*$!
{
	archiveVersion = 1;
	classes = {
	};
	objectVersion = 55;
	objects = {

/* Begin PBXBuildFile section */
		322EB85528FF4FCE00190421 /* SectionModel.swift in Sources */ = {isa = PBXBuildFile; fileRef = 322EB85428FF4FCE00190421 /* SectionModel.swift */; };
		322EB85828FF51FE00190421 /* TableViewExtension.swift in Sources */ = {isa = PBXBuildFile; fileRef = 322EB85728FF51FE00190421 /* TableViewExtension.swift */; };
		322EB8612901C71000190421 /* EmployeeDataModel.swift in Sources */ = {isa = PBXBuildFile; fileRef = 322EB8602901C71000190421 /* EmployeeDataModel.swift */; };
		322EB8632901D3FF00190421 /* MainTableViewCell.swift in Sources */ = {isa = PBXBuildFile; fileRef = 322EB8622901D3FF00190421 /* MainTableViewCell.swift */; };
		322EB8652901D79C00190421 /* ViewControllerExtensions.swift in Sources */ = {isa = PBXBuildFile; fileRef = 322EB8642901D79C00190421 /* ViewControllerExtensions.swift */; };
		322EB86729034D9500190421 /* EmployeeCacheWorking.swift in Sources */ = {isa = PBXBuildFile; fileRef = 322EB86629034D9500190421 /* EmployeeCacheWorking.swift */; };
		322EB8692904090F00190421 /* NetworkMonitor.swift in Sources */ = {isa = PBXBuildFile; fileRef = 322EB8682904090F00190421 /* NetworkMonitor.swift */; };
		3242ABD428FF4CEF00B68229 /* AppDelegate.swift in Sources */ = {isa = PBXBuildFile; fileRef = 3242ABD328FF4CEF00B68229 /* AppDelegate.swift */; };
		3242ABD628FF4CEF00B68229 /* SceneDelegate.swift in Sources */ = {isa = PBXBuildFile; fileRef = 3242ABD528FF4CEF00B68229 /* SceneDelegate.swift */; };
		3242ABD828FF4CEF00B68229 /* ViewController.swift in Sources */ = {isa = PBXBuildFile; fileRef = 3242ABD728FF4CEF00B68229 /* ViewController.swift */; };
		3242ABDD28FF4CEF00B68229 /* Assets.xcassets in Resources */ = {isa = PBXBuildFile; fileRef = 3242ABDC28FF4CEF00B68229 /* Assets.xcassets */; };
		3242ABE028FF4CEF00B68229 /* LaunchScreen.storyboard in Resources */ = {isa = PBXBuildFile; fileRef = 3242ABDE28FF4CEF00B68229 /* LaunchScreen.storyboard */; };
		3242ABEB28FF4CEF00B68229 /* Avito_Tes_Tests.swift in Sources */ = {isa = PBXBuildFile; fileRef = 3242ABEA28FF4CEF00B68229 /* Avito_Tes_Tests.swift */; };
		3242ABF528FF4CEF00B68229 /* Avito_Tes_UITests.swift in Sources */ = {isa = PBXBuildFile; fileRef = 3242ABF428FF4CEF00B68229 /* Avito_Tes_UITests.swift */; };
		3242ABF728FF4CEF00B68229 /* Avito_Tes_UITestsLaunchTests.swift in Sources */ = {isa = PBXBuildFile; fileRef = 3242ABF628FF4CEF00B68229 /* Avito_Tes_UITestsLaunchTests.swift */; };
		3242AC0928FF4D9500B68229 /* NetworkingServise.swift in Sources */ = {isa = PBXBuildFile; fileRef = 3242AC0828FF4D9500B68229 /* NetworkingServise.swift */; };
/* End PBXBuildFile section */

/* Begin PBXContainerItemProxy section */
		3242ABE728FF4CEF00B68229 /* PBXContainerItemProxy */ = {
			isa = PBXContainerItemProxy;
			containerPortal = 3242ABC828FF4CEF00B68229 /* Project object */;
			proxyType = 1;
			remoteGlobalIDString = 3242ABCF28FF4CEF00B68229;
			remoteInfo = "Avito_Tesе";
		};
		3242ABF128FF4CEF00B68229 /* PBXContainerItemProxy */ = {
			isa = PBXContainerItemProxy;
			containerPortal = 3242ABC828FF4CEF00B68229 /* Project object */;
			proxyType = 1;
			remoteGlobalIDString = 3242ABCF28FF4CEF00B68229;
			remoteInfo = "Avito_Tesе";
		};
/* End PBXContainerItemProxy section */

/* Begin PBXFileReference section */
		322EB85428FF4FCE00190421 /* SectionModel.swift */ = {isa = PBXFileReference; lastKnownFileType = sourcecode.swift; path = SectionModel.swift; sourceTree = "<group>"; };
		322EB85728FF51FE00190421 /* TableViewExtension.swift */ = {isa = PBXFileReference; lastKnownFileType = sourcecode.swift; path = TableViewExtension.swift; sourceTree = "<group>"; };
		322EB8602901C71000190421 /* EmployeeDataModel.swift */ = {isa = PBXFileReference; lastKnownFileType = sourcecode.swift; path = EmployeeDataModel.swift; sourceTree = "<group>"; };
		322EB8622901D3FF00190421 /* MainTableViewCell.swift */ = {isa = PBXFileReference; lastKnownFileType = sourcecode.swift; path = MainTableViewCell.swift; sourceTree = "<group>"; };
		322EB8642901D79C00190421 /* ViewControllerExtensions.swift */ = {isa = PBXFileReference; lastKnownFileType = sourcecode.swift; path = ViewControllerExtensions.swift; sourceTree = "<group>"; };
		322EB86629034D9500190421 /* EmployeeCacheWorking.swift */ = {isa = PBXFileReference; lastKnownFileType = sourcecode.swift; path = EmployeeCacheWorking.swift; sourceTree = "<group>"; };
		322EB8682904090F00190421 /* NetworkMonitor.swift */ = {isa = PBXFileReference; lastKnownFileType = sourcecode.swift; path = NetworkMonitor.swift; sourceTree = "<group>"; };
		3242ABD028FF4CEF00B68229 /* Avito_Test.app */ = {isa = PBXFileReference; explicitFileType = wrapper.application; includeInIndex = 0; path = Avito_Test.app; sourceTree = BUILT_PRODUCTS_DIR; };
		3242ABD328FF4CEF00B68229 /* AppDelegate.swift */ = {isa = PBXFileReference; lastKnownFileType = sourcecode.swift; path = AppDelegate.swift; sourceTree = "<group>"; };
		3242ABD528FF4CEF00B68229 /* SceneDelegate.swift */ = {isa = PBXFileReference; lastKnownFileType = sourcecode.swift; path = SceneDelegate.swift; sourceTree = "<group>"; };
		3242ABD728FF4CEF00B68229 /* ViewController.swift */ = {isa = PBXFileReference; lastKnownFileType = sourcecode.swift; path = ViewController.swift; sourceTree = "<group>"; };
		3242ABDC28FF4CEF00B68229 /* Assets.xcassets */ = {isa = PBXFileReference; lastKnownFileType = folder.assetcatalog; path = Assets.xcassets; sourceTree = "<group>"; };
		3242ABDF28FF4CEF00B68229 /* Base */ = {isa = PBXFileReference; lastKnownFileType = file.storyboard; name = Base; path = Base.lproj/LaunchScreen.storyboard; sourceTree = "<group>"; };
		3242ABE128FF4CEF00B68229 /* Info.plist */ = {isa = PBXFileReference; lastKnownFileType = text.plist.xml; path = Info.plist; sourceTree = "<group>"; };
		3242ABE628FF4CEF00B68229 /* Avito_TestTests.xctest */ = {isa = PBXFileReference; explicitFileType = wrapper.cfbundle; includeInIndex = 0; path = Avito_TestTests.xctest; sourceTree = BUILT_PRODUCTS_DIR; };
		3242ABEA28FF4CEF00B68229 /* Avito_Tes_Tests.swift */ = {isa = PBXFileReference; lastKnownFileType = sourcecode.swift; path = Avito_Tes_Tests.swift; sourceTree = "<group>"; };
		3242ABF028FF4CEF00B68229 /* Avito_TestUITests.xctest */ = {isa = PBXFileReference; explicitFileType = wrapper.cfbundle; includeInIndex = 0; path = Avito_TestUITests.xctest; sourceTree = BUILT_PRODUCTS_DIR; };
		3242ABF428FF4CEF00B68229 /* Avito_Tes_UITests.swift */ = {isa = PBXFileReference; lastKnownFileType = sourcecode.swift; path = Avito_Tes_UITests.swift; sourceTree = "<group>"; };
		3242ABF628FF4CEF00B68229 /* Avito_Tes_UITestsLaunchTests.swift */ = {isa = PBXFileReference; lastKnownFileType = sourcecode.swift; path = Avito_Tes_UITestsLaunchTests.swift; sourceTree = "<group>"; };
		3242AC0828FF4D9500B68229 /* NetworkingServise.swift */ = {isa = PBXFileReference; lastKnownFileType = sourcecode.swift; path = NetworkingServise.swift; sourceTree = "<group>"; };
/* End PBXFileReference section */

/* Begin PBXFrameworksBuildPhase section */
		3242ABCD28FF4CEF00B68229 /* Frameworks */ = {
			isa = PBXFrameworksBuildPhase;
			buildActionMask = 2147483647;
			files = (
			);
			runOnlyForDeploymentPostprocessing = 0;
		};
		3242ABE328FF4CEF00B68229 /* Frameworks */ = {
			isa = PBXFrameworksBuildPhase;
			buildActionMask = 2147483647;
			files = (
			);
			runOnlyForDeploymentPostprocessing = 0;
		};
		3242ABED28FF4CEF00B68229 /* Frameworks */ = {
			isa = PBXFrameworksBuildPhase;
			buildActionMask = 2147483647;
			files = (
			);
			runOnlyForDeploymentPostprocessing = 0;
		};
/* End PBXFrameworksBuildPhase section */

/* Begin PBXGroup section */
		322EB85628FF51ED00190421 /* Extensions */ = {
			isa = PBXGroup;
			children = (
				322EB85728FF51FE00190421 /* TableViewExtension.swift */,
				322EB8642901D79C00190421 /* ViewControllerExtensions.swift */,
			);
			path = Extensions;
			sourceTree = "<group>";
		};
		3242ABC728FF4CEF00B68229 = {
			isa = PBXGroup;
			children = (
				3242ABD228FF4CEF00B68229 /* Avito_Tesе */,
				3242ABE928FF4CEF00B68229 /* Avito_TesеTests */,
				3242ABF328FF4CEF00B68229 /* Avito_TesеUITests */,
				3242ABD128FF4CEF00B68229 /* Products */,
			);
			sourceTree = "<group>";
		};
		3242ABD128FF4CEF00B68229 /* Products */ = {
			isa = PBXGroup;
			children = (
				3242ABD028FF4CEF00B68229 /* Avito_Test.app */,
				3242ABE628FF4CEF00B68229 /* Avito_TestTests.xctest */,
				3242ABF028FF4CEF00B68229 /* Avito_TestUITests.xctest */,
			);
			name = Products;
			sourceTree = "<group>";
		};
		3242ABD228FF4CEF00B68229 /* Avito_Tesе */ = {
			isa = PBXGroup;
			children = (
				32449A5B2907EF1E00F96D96 /* New Group */,
				32449A5A2907EEF100F96D96 /* Delegates */,
				322EB85628FF51ED00190421 /* Extensions */,
				3242AC0728FF4D7F00B68229 /* Networking */,
				3242AC0628FF4D6C00B68229 /* Controllers */,
				3242AC0328FF4D5400B68229 /* Models */,
				3242ABE128FF4CEF00B68229 /* Info.plist */,
			);
			path = "Avito_Tesе";
			sourceTree = "<group>";
		};
		3242ABE928FF4CEF00B68229 /* Avito_TesеTests */ = {
			isa = PBXGroup;
			children = (
				3242ABEA28FF4CEF00B68229 /* Avito_Tes_Tests.swift */,
			);
			path = "Avito_TesеTests";
			sourceTree = "<group>";
		};
		3242ABF328FF4CEF00B68229 /* Avito_TesеUITests */ = {
			isa = PBXGroup;
			children = (
				3242ABF428FF4CEF00B68229 /* Avito_Tes_UITests.swift */,
				3242ABF628FF4CEF00B68229 /* Avito_Tes_UITestsLaunchTests.swift */,
			);
			path = "Avito_TesеUITests";
			sourceTree = "<group>";
		};
		3242AC0328FF4D5400B68229 /* Models */ = {
			isa = PBXGroup;
			children = (
				322EB85428FF4FCE00190421 /* SectionModel.swift */,
				322EB8602901C71000190421 /* EmployeeDataModel.swift */,
				322EB8622901D3FF00190421 /* MainTableViewCell.swift */,
			);
			path = Models;
			sourceTree = "<group>";
		};
		3242AC0628FF4D6C00B68229 /* Controllers */ = {
			isa = PBXGroup;
			children = (
				3242ABD728FF4CEF00B68229 /* ViewController.swift */,
			);
			path = Controllers;
			sourceTree = "<group>";
		};
		3242AC0728FF4D7F00B68229 /* Networking */ = {
			isa = PBXGroup;
			children = (
				3242AC0828FF4D9500B68229 /* NetworkingServise.swift */,
				322EB86629034D9500190421 /* EmployeeCacheWorking.swift */,
				322EB8682904090F00190421 /* NetworkMonitor.swift */,
			);
			path = Networking;
			sourceTree = "<group>";
		};
		32449A5A2907EEF100F96D96 /* Delegates */ = {
			isa = PBXGroup;
			children = (
				3242ABD328FF4CEF00B68229 /* AppDelegate.swift */,
				3242ABD528FF4CEF00B68229 /* SceneDelegate.swift */,
			);
			path = Delegates;
			sourceTree = "<group>";
		};
		32449A5B2907EF1E00F96D96 /* New Group */ = {
			isa = PBXGroup;
			children = (
				3242ABDC28FF4CEF00B68229 /* Assets.xcassets */,
				3242ABDE28FF4CEF00B68229 /* LaunchScreen.storyboard */,
			);
			path = "New Group";
			sourceTree = "<group>";
		};
/* End PBXGroup section */

/* Begin PBXNativeTarget section */
		3242ABCF28FF4CEF00B68229 /* Avito_Test */ = {
			isa = PBXNativeTarget;
			buildConfigurationList = 3242ABFA28FF4CEF00B68229 /* Build configuration list for PBXNativeTarget "Avito_Test" */;
			buildPhases = (
				3242ABCC28FF4CEF00B68229 /* Sources */,
				3242ABCD28FF4CEF00B68229 /* Frameworks */,
				3242ABCE28FF4CEF00B68229 /* Resources */,
			);
			buildRules = (
			);
			dependencies = (
			);
			name = Avito_Test;
			productName = "Avito_Tesе";
			productReference = 3242ABD028FF4CEF00B68229 /* Avito_Test.app */;
			productType = "com.apple.product-type.application";
		};
		3242ABE528FF4CEF00B68229 /* Avito_TestTests */ = {
			isa = PBXNativeTarget;
			buildConfigurationList = 3242ABFD28FF4CEF00B68229 /* Build configuration list for PBXNativeTarget "Avito_TestTests" */;
			buildPhases = (
				3242ABE228FF4CEF00B68229 /* Sources */,
				3242ABE328FF4CEF00B68229 /* Frameworks */,
				3242ABE428FF4CEF00B68229 /* Resources */,
			);
			buildRules = (
			);
			dependencies = (
				3242ABE828FF4CEF00B68229 /* PBXTargetDependency */,
			);
			name = Avito_TestTests;
			productName = "Avito_TesеTests";
			productReference = 3242ABE628FF4CEF00B68229 /* Avito_TestTests.xctest */;
			productType = "com.apple.product-type.bundle.unit-test";
		};
		3242ABEF28FF4CEF00B68229 /* Avito_TestUITests */ = {
			isa = PBXNativeTarget;
			buildConfigurationList = 3242AC0028FF4CEF00B68229 /* Build configuration list for PBXNativeTarget "Avito_TestUITests" */;
			buildPhases = (
				3242ABEC28FF4CEF00B68229 /* Sources */,
				3242ABED28FF4CEF00B68229 /* Frameworks */,
				3242ABEE28FF4CEF00B68229 /* Resources */,
			);
			buildRules = (
			);
			dependencies = (
				3242ABF228FF4CEF00B68229 /* PBXTargetDependency */,
			);
			name = Avito_TestUITests;
			productName = "Avito_TesеUITests";
			productReference = 3242ABF028FF4CEF00B68229 /* Avito_TestUITests.xctest */;
			productType = "com.apple.product-type.bundle.ui-testing";
		};
/* End PBXNativeTarget section */

/* Begin PBXProject section */
		3242ABC828FF4CEF00B68229 /* Project object */ = {
			isa = PBXProject;
			attributes = {
				BuildIndependentTargetsInParallel = 1;
				LastSwiftUpdateCheck = 1340;
				LastUpgradeCheck = 1340;
				TargetAttributes = {
					3242ABCF28FF4CEF00B68229 = {
						CreatedOnToolsVersion = 13.4.1;
					};
					3242ABE528FF4CEF00B68229 = {
						CreatedOnToolsVersion = 13.4.1;
						TestTargetID = 3242ABCF28FF4CEF00B68229;
					};
					3242ABEF28FF4CEF00B68229 = {
						CreatedOnToolsVersion = 13.4.1;
						TestTargetID = 3242ABCF28FF4CEF00B68229;
					};
				};
			};
			buildConfigurationList = 3242ABCB28FF4CEF00B68229 /* Build configuration list for PBXProject "Avito_Test" */;
			compatibilityVersion = "Xcode 13.0";
			developmentRegion = en;
			hasScannedForEncodings = 0;
			knownRegions = (
				en,
				Base,
			);
			mainGroup = 3242ABC728FF4CEF00B68229;
			productRefGroup = 3242ABD128FF4CEF00B68229 /* Products */;
			projectDirPath = "";
			projectRoot = "";
			targets = (
				3242ABCF28FF4CEF00B68229 /* Avito_Test */,
				3242ABE528FF4CEF00B68229 /* Avito_TestTests */,
				3242ABEF28FF4CEF00B68229 /* Avito_TestUITests */,
			);
		};
/* End PBXProject section */

/* Begin PBXResourcesBuildPhase section */
		3242ABCE28FF4CEF00B68229 /* Resources */ = {
			isa = PBXResourcesBuildPhase;
			buildActionMask = 2147483647;
			files = (
				3242ABE028FF4CEF00B68229 /* LaunchScreen.storyboard in Resources */,
				3242ABDD28FF4CEF00B68229 /* Assets.xcassets in Resources */,
			);
			runOnlyForDeploymentPostprocessing = 0;
		};
		3242ABE428FF4CEF00B68229 /* Resources */ = {
			isa = PBXResourcesBuildPhase;
			buildActionMask = 2147483647;
			files = (
			);
			runOnlyForDeploymentPostprocessing = 0;
		};
		3242ABEE28FF4CEF00B68229 /* Resources */ = {
			isa = PBXResourcesBuildPhase;
			buildActionMask = 2147483647;
			files = (
			);
			runOnlyForDeploymentPostprocessing = 0;
		};
/* End PBXResourcesBuildPhase section */

/* Begin PBXSourcesBuildPhase section */
		3242ABCC28FF4CEF00B68229 /* Sources */ = {
			isa = PBXSourcesBuildPhase;
			buildActionMask = 2147483647;
			files = (
				322EB8692904090F00190421 /* NetworkMonitor.swift in Sources */,
				3242ABD828FF4CEF00B68229 /* ViewController.swift in Sources */,
				322EB8612901C71000190421 /* EmployeeDataModel.swift in Sources */,
				322EB8632901D3FF00190421 /* MainTableViewCell.swift in Sources */,
				3242ABD428FF4CEF00B68229 /* AppDelegate.swift in Sources */,
				322EB85828FF51FE00190421 /* TableViewExtension.swift in Sources */,
				322EB85528FF4FCE00190421 /* SectionModel.swift in Sources */,
				3242AC0928FF4D9500B68229 /* NetworkingServise.swift in Sources */,
				322EB8652901D79C00190421 /* ViewControllerExtensions.swift in Sources */,
				322EB86729034D9500190421 /* EmployeeCacheWorking.swift in Sources */,
				3242ABD628FF4CEF00B68229 /* SceneDelegate.swift in Sources */,
			);
			runOnlyForDeploymentPostprocessing = 0;
		};
		3242ABE228FF4CEF00B68229 /* Sources */ = {
			isa = PBXSourcesBuildPhase;
			buildActionMask = 2147483647;
			files = (
				3242ABEB28FF4CEF00B68229 /* Avito_Tes_Tests.swift in Sources */,
			);
			runOnlyForDeploymentPostprocessing = 0;
		};
		3242ABEC28FF4CEF00B68229 /* Sources */ = {
			isa = PBXSourcesBuildPhase;
			buildActionMask = 2147483647;
			files = (
				3242ABF528FF4CEF00B68229 /* Avito_Tes_UITests.swift in Sources */,
				3242ABF728FF4CEF00B68229 /* Avito_Tes_UITestsLaunchTests.swift in Sources */,
			);
			runOnlyForDeploymentPostprocessing = 0;
		};
/* End PBXSourcesBuildPhase section */

/* Begin PBXTargetDependency section */
		3242ABE828FF4CEF00B68229 /* PBXTargetDependency */ = {
			isa = PBXTargetDependency;
			target = 3242ABCF28FF4CEF00B68229 /* Avito_Test */;
			targetProxy = 3242ABE728FF4CEF00B68229 /* PBXContainerItemProxy */;
		};
		3242ABF228FF4CEF00B68229 /* PBXTargetDependency */ = {
			isa = PBXTargetDependency;
			target = 3242ABCF28FF4CEF00B68229 /* Avito_Test */;
			targetProxy = 3242ABF128FF4CEF00B68229 /* PBXContainerItemProxy */;
		};
/* End PBXTargetDependency section */

/* Begin PBXVariantGroup section */
		3242ABDE28FF4CEF00B68229 /* LaunchScreen.storyboard */ = {
			isa = PBXVariantGroup;
			children = (
				3242ABDF28FF4CEF00B68229 /* Base */,
			);
			name = LaunchScreen.storyboard;
			sourceTree = "<group>";
		};
/* End PBXVariantGroup section */

/* Begin XCBuildConfiguration section */
		3242ABF828FF4CEF00B68229 /* Debug */ = {
			isa = XCBuildConfiguration;
			buildSettings = {
				ALWAYS_SEARCH_USER_PATHS = NO;
				CLANG_ANALYZER_NONNULL = YES;
				CLANG_ANALYZER_NUMBER_OBJECT_CONVERSION = YES_AGGRESSIVE;
				CLANG_CXX_LANGUAGE_STANDARD = "gnu++17";
				CLANG_ENABLE_MODULES = YES;
				CLANG_ENABLE_OBJC_ARC = YES;
				CLANG_ENABLE_OBJC_WEAK = YES;
				CLANG_WARN_BLOCK_CAPTURE_AUTORELEASING = YES;
				CLANG_WARN_BOOL_CONVERSION = YES;
				CLANG_WARN_COMMA = YES;
				CLANG_WARN_CONSTANT_CONVERSION = YES;
				CLANG_WARN_DEPRECATED_OBJC_IMPLEMENTATIONS = YES;
				CLANG_WARN_DIRECT_OBJC_ISA_USAGE = YES_ERROR;
				CLANG_WARN_DOCUMENTATION_COMMENTS = YES;
				CLANG_WARN_EMPTY_BODY = YES;
				CLANG_WARN_ENUM_CONVERSION = YES;
				CLANG_WARN_INFINITE_RECURSION = YES;
				CLANG_WARN_INT_CONVERSION = YES;
				CLANG_WARN_NON_LITERAL_NULL_CONVERSION = YES;
				CLANG_WARN_OBJC_IMPLICIT_RETAIN_SELF = YES;
				CLANG_WARN_OBJC_LITERAL_CONVERSION = YES;
				CLANG_WARN_OBJC_ROOT_CLASS = YES_ERROR;
				CLANG_WARN_QUOTED_INCLUDE_IN_FRAMEWORK_HEADER = YES;
				CLANG_WARN_RANGE_LOOP_ANALYSIS = YES;
				CLANG_WARN_STRICT_PROTOTYPES = YES;
				CLANG_WARN_SUSPICIOUS_MOVE = YES;
				CLANG_WARN_UNGUARDED_AVAILABILITY = YES_AGGRESSIVE;
				CLANG_WARN_UNREACHABLE_CODE = YES;
				CLANG_WARN__DUPLICATE_METHOD_MATCH = YES;
				COPY_PHASE_STRIP = NO;
				DEBUG_INFORMATION_FORMAT = dwarf;
				ENABLE_STRICT_OBJC_MSGSEND = YES;
				ENABLE_TESTABILITY = YES;
				GCC_C_LANGUAGE_STANDARD = gnu11;
				GCC_DYNAMIC_NO_PIC = NO;
				GCC_NO_COMMON_BLOCKS = YES;
				GCC_OPTIMIZATION_LEVEL = 0;
				GCC_PREPROCESSOR_DEFINITIONS = (
					"DEBUG=1",
					"$(inherited)",
				);
				GCC_WARN_64_TO_32_BIT_CONVERSION = YES;
				GCC_WARN_ABOUT_RETURN_TYPE = YES_ERROR;
				GCC_WARN_UNDECLARED_SELECTOR = YES;
				GCC_WARN_UNINITIALIZED_AUTOS = YES_AGGRESSIVE;
				GCC_WARN_UNUSED_FUNCTION = YES;
				GCC_WARN_UNUSED_VARIABLE = YES;
				IPHONEOS_DEPLOYMENT_TARGET = 13.0;
				MTL_ENABLE_DEBUG_INFO = INCLUDE_SOURCE;
				MTL_FAST_MATH = YES;
				ONLY_ACTIVE_ARCH = YES;
				SDKROOT = iphoneos;
				SWIFT_ACTIVE_COMPILATION_CONDITIONS = DEBUG;
				SWIFT_OPTIMIZATION_LEVEL = "-Onone";
			};
			name = Debug;
		};
		3242ABF928FF4CEF00B68229 /* Release */ = {
			isa = XCBuildConfiguration;
			buildSettings = {
				ALWAYS_SEARCH_USER_PATHS = NO;
				CLANG_ANALYZER_NONNULL = YES;
				CLANG_ANALYZER_NUMBER_OBJECT_CONVERSION = YES_AGGRESSIVE;
				CLANG_CXX_LANGUAGE_STANDARD = "gnu++17";
				CLANG_ENABLE_MODULES = YES;
				CLANG_ENABLE_OBJC_ARC = YES;
				CLANG_ENABLE_OBJC_WEAK = YES;
				CLANG_WARN_BLOCK_CAPTURE_AUTORELEASING = YES;
				CLANG_WARN_BOOL_CONVERSION = YES;
				CLANG_WARN_COMMA = YES;
				CLANG_WARN_CONSTANT_CONVERSION = YES;
				CLANG_WARN_DEPRECATED_OBJC_IMPLEMENTATIONS = YES;
				CLANG_WARN_DIRECT_OBJC_ISA_USAGE = YES_ERROR;
				CLANG_WARN_DOCUMENTATION_COMMENTS = YES;
				CLANG_WARN_EMPTY_BODY = YES;
				CLANG_WARN_ENUM_CONVERSION = YES;
				CLANG_WARN_INFINITE_RECURSION = YES;
				CLANG_WARN_INT_CONVERSION = YES;
				CLANG_WARN_NON_LITERAL_NULL_CONVERSION = YES;
				CLANG_WARN_OBJC_IMPLICIT_RETAIN_SELF = YES;
				CLANG_WARN_OBJC_LITERAL_CONVERSION = YES;
				CLANG_WARN_OBJC_ROOT_CLASS = YES_ERROR;
				CLANG_WARN_QUOTED_INCLUDE_IN_FRAMEWORK_HEADER = YES;
				CLANG_WARN_RANGE_LOOP_ANALYSIS = YES;
				CLANG_WARN_STRICT_PROTOTYPES = YES;
				CLANG_WARN_SUSPICIOUS_MOVE = YES;
				CLANG_WARN_UNGUARDED_AVAILABILITY = YES_AGGRESSIVE;
				CLANG_WARN_UNREACHABLE_CODE = YES;
				CLANG_WARN__DUPLICATE_METHOD_MATCH = YES;
				COPY_PHASE_STRIP = NO;
				DEBUG_INFORMATION_FORMAT = "dwarf-with-dsym";
				ENABLE_NS_ASSERTIONS = NO;
				ENABLE_STRICT_OBJC_MSGSEND = YES;
				GCC_C_LANGUAGE_STANDARD = gnu11;
				GCC_NO_COMMON_BLOCKS = YES;
				GCC_WARN_64_TO_32_BIT_CONVERSION = YES;
				GCC_WARN_ABOUT_RETURN_TYPE = YES_ERROR;
				GCC_WARN_UNDECLARED_SELECTOR = YES;
				GCC_WARN_UNINITIALIZED_AUTOS = YES_AGGRESSIVE;
				GCC_WARN_UNUSED_FUNCTION = YES;
				GCC_WARN_UNUSED_VARIABLE = YES;
				IPHONEOS_DEPLOYMENT_TARGET = 13.0;
				MTL_ENABLE_DEBUG_INFO = NO;
				MTL_FAST_MATH = YES;
				SDKROOT = iphoneos;
				SWIFT_COMPILATION_MODE = wholemodule;
				SWIFT_OPTIMIZATION_LEVEL = "-O";
				VALIDATE_PRODUCT = YES;
			};
			name = Release;
		};
		3242ABFB28FF4CEF00B68229 /* Debug */ = {
			isa = XCBuildConfiguration;
			buildSettings = {
				ASSETCATALOG_COMPILER_APPICON_NAME = AppIcon;
				ASSETCATALOG_COMPILER_GLOBAL_ACCENT_COLOR_NAME = AccentColor;
				CODE_SIGN_STYLE = Automatic;
				CURRENT_PROJECT_VERSION = 1;
				DEVELOPMENT_TEAM = ZV23SB6J73;
				GENERATE_INFOPLIST_FILE = YES;
				INFOPLIST_FILE = "Avito_Tesе/Info.plist";
				INFOPLIST_KEY_UIApplicationSupportsIndirectInputEvents = YES;
				INFOPLIST_KEY_UILaunchStoryboardName = LaunchScreen;
				INFOPLIST_KEY_UISupportedInterfaceOrientations_iPad = "UIInterfaceOrientationPortrait UIInterfaceOrientationPortraitUpsideDown UIInterfaceOrientationLandscapeLeft UIInterfaceOrientationLandscapeRight";
				INFOPLIST_KEY_UISupportedInterfaceOrientations_iPhone = "UIInterfaceOrientationPortrait UIInterfaceOrientationLandscapeLeft UIInterfaceOrientationLandscapeRight";
				LD_RUNPATH_SEARCH_PATHS = (
					"$(inherited)",
					"@executable_path/Frameworks",
				);
				MARKETING_VERSION = 1.0;
				PRODUCT_BUNDLE_IDENTIFIER = maxim.AvitoTestTask;
				PRODUCT_NAME = "$(TARGET_NAME)";
				SWIFT_EMIT_LOC_STRINGS = YES;
				SWIFT_VERSION = 5.0;
				TARGETED_DEVICE_FAMILY = "1,2";
			};
			name = Debug;
		};
		3242ABFC28FF4CEF00B68229 /* Release */ = {
			isa = XCBuildConfiguration;
			buildSettings = {
				ASSETCATALOG_COMPILER_APPICON_NAME = AppIcon;
				ASSETCATALOG_COMPILER_GLOBAL_ACCENT_COLOR_NAME = AccentColor;
				CODE_SIGN_STYLE = Automatic;
				CURRENT_PROJECT_VERSION = 1;
				DEVELOPMENT_TEAM = ZV23SB6J73;
				GENERATE_INFOPLIST_FILE = YES;
				INFOPLIST_FILE = "Avito_Tesе/Info.plist";
				INFOPLIST_KEY_UIApplicationSupportsIndirectInputEvents = YES;
				INFOPLIST_KEY_UILaunchStoryboardName = LaunchScreen;
				INFOPLIST_KEY_UISupportedInterfaceOrientations_iPad = "UIInterfaceOrientationPortrait UIInterfaceOrientationPortraitUpsideDown UIInterfaceOrientationLandscapeLeft UIInterfaceOrientationLandscapeRight";
				INFOPLIST_KEY_UISupportedInterfaceOrientations_iPhone = "UIInterfaceOrientationPortrait UIInterfaceOrientationLandscapeLeft UIInterfaceOrientationLandscapeRight";
				LD_RUNPATH_SEARCH_PATHS = (
					"$(inherited)",
					"@executable_path/Frameworks",
				);
				MARKETING_VERSION = 1.0;
				PRODUCT_BUNDLE_IDENTIFIER = maxim.AvitoTestTask;
				PRODUCT_NAME = "$(TARGET_NAME)";
				SWIFT_EMIT_LOC_STRINGS = YES;
				SWIFT_VERSION = 5.0;
				TARGETED_DEVICE_FAMILY = "1,2";
			};
			name = Release;
		};
		3242ABFE28FF4CEF00B68229 /* Debug */ = {
			isa = XCBuildConfiguration;
			buildSettings = {
				ALWAYS_EMBED_SWIFT_STANDARD_LIBRARIES = YES;
				BUNDLE_LOADER = "$(TEST_HOST)";
				CODE_SIGN_STYLE = Automatic;
				CURRENT_PROJECT_VERSION = 1;
				DEVELOPMENT_TEAM = ZV23SB6J73;
				GENERATE_INFOPLIST_FILE = YES;
				IPHONEOS_DEPLOYMENT_TARGET = 15.5;
				MARKETING_VERSION = 1.0;
				PRODUCT_BUNDLE_IDENTIFIER = "maxim.Avito-Tes-Tests";
				PRODUCT_NAME = "$(TARGET_NAME)";
				SWIFT_EMIT_LOC_STRINGS = NO;
				SWIFT_VERSION = 5.0;
				TARGETED_DEVICE_FAMILY = "1,2";
				TEST_HOST = "$(BUILT_PRODUCTS_DIR)/Avito_Test.app/Avito_Test";
			};
			name = Debug;
		};
		3242ABFF28FF4CEF00B68229 /* Release */ = {
			isa = XCBuildConfiguration;
			buildSettings = {
				ALWAYS_EMBED_SWIFT_STANDARD_LIBRARIES = YES;
				BUNDLE_LOADER = "$(TEST_HOST)";
				CODE_SIGN_STYLE = Automatic;
				CURRENT_PROJECT_VERSION = 1;
				DEVELOPMENT_TEAM = ZV23SB6J73;
				GENERATE_INFOPLIST_FILE = YES;
				IPHONEOS_DEPLOYMENT_TARGET = 15.5;
				MARKETING_VERSION = 1.0;
				PRODUCT_BUNDLE_IDENTIFIER = "maxim.Avito-Tes-Tests";
				PRODUCT_NAME = "$(TARGET_NAME)";
				SWIFT_EMIT_LOC_STRINGS = NO;
				SWIFT_VERSION = 5.0;
				TARGETED_DEVICE_FAMILY = "1,2";
				TEST_HOST = "$(BUILT_PRODUCTS_DIR)/Avito_Test.app/Avito_Test";
			};
			name = Release;
		};
		3242AC0128FF4CEF00B68229 /* Debug */ = {
			isa = XCBuildConfiguration;
			buildSettings = {
				ALWAYS_EMBED_SWIFT_STANDARD_LIBRARIES = YES;
				CODE_SIGN_STYLE = Automatic;
				CURRENT_PROJECT_VERSION = 1;
				DEVELOPMENT_TEAM = ZV23SB6J73;
				GENERATE_INFOPLIST_FILE = YES;
				MARKETING_VERSION = 1.0;
				PRODUCT_BUNDLE_IDENTIFIER = "maxim.Avito-Tes-UITests";
				PRODUCT_NAME = "$(TARGET_NAME)";
				SWIFT_EMIT_LOC_STRINGS = NO;
				SWIFT_VERSION = 5.0;
				TARGETED_DEVICE_FAMILY = "1,2";
				TEST_TARGET_NAME = "Avito_Tesе";
			};
			name = Debug;
		};
		3242AC0228FF4CEF00B68229 /* Release */ = {
			isa = XCBuildConfiguration;
			buildSettings = {
				ALWAYS_EMBED_SWIFT_STANDARD_LIBRARIES = YES;
				CODE_SIGN_STYLE = Automatic;
				CURRENT_PROJECT_VERSION = 1;
				DEVELOPMENT_TEAM = ZV23SB6J73;
				GENERATE_INFOPLIST_FILE = YES;
				MARKETING_VERSION = 1.0;
				PRODUCT_BUNDLE_IDENTIFIER = "maxim.Avito-Tes-UITests";
				PRODUCT_NAME = "$(TARGET_NAME)";
				SWIFT_EMIT_LOC_STRINGS = NO;
				SWIFT_VERSION = 5.0;
				TARGETED_DEVICE_FAMILY = "1,2";
				TEST_TARGET_NAME = "Avito_Tesе";
			};
			name = Release;
		};
/* End XCBuildConfiguration section */

/* Begin XCConfigurationList section */
		3242ABCB28FF4CEF00B68229 /* Build configuration list for PBXProject "Avito_Test" */ = {
			isa = XCConfigurationList;
			buildConfigurations = (
				3242ABF828FF4CEF00B68229 /* Debug */,
				3242ABF928FF4CEF00B68229 /* Release */,
			);
			defaultConfigurationIsVisible = 0;
			defaultConfigurationName = Release;
		};
		3242ABFA28FF4CEF00B68229 /* Build configuration list for PBXNativeTarget "Avito_Test" */ = {
			isa = XCConfigurationList;
			buildConfigurations = (
				3242ABFB28FF4CEF00B68229 /* Debug */,
				3242ABFC28FF4CEF00B68229 /* Release */,
			);
			defaultConfigurationIsVisible = 0;
			defaultConfigurationName = Release;
		};
		3242ABFD28FF4CEF00B68229 /* Build configuration list for PBXNativeTarget "Avito_TestTests" */ = {
			isa = XCConfigurationList;
			buildConfigurations = (
				3242ABFE28FF4CEF00B68229 /* Debug */,
				3242ABFF28FF4CEF00B68229 /* Release */,
			);
			defaultConfigurationIsVisible = 0;
			defaultConfigurationName = Release;
		};
		3242AC0028FF4CEF00B68229 /* Build configuration list for PBXNativeTarget "Avito_TestUITests" */ = {
			isa = XCConfigurationList;
			buildConfigurations = (
				3242AC0128FF4CEF00B68229 /* Debug */,
				3242AC0228FF4CEF00B68229 /* Release */,
			);
			defaultConfigurationIsVisible = 0;
			defaultConfigurationName = Release;
		};
/* End XCConfigurationList section */
	};
	rootObject = 3242ABC828FF4CEF00B68229 /* Project object */;
}
